
Microsoft Visual Studio Solution File, Format Version 12.00
# Visual Studio Version 16
VisualStudioVersion = 16.0.31702.278
MinimumVisualStudioVersion = 10.0.40219.1
Project("{FAE04EC0-301F-11D3-BF4B-00C04F79EFBC}") = "Task1", "Task1.csproj", "{16138368-9328-4485-BE83-5BD30E42733A}"
EndProject
Global
	GlobalSection(SolutionConfigurationPlatforms) = preSolution
		Debug|Any CPU = Debug|Any CPU
		Release|Any CPU = Release|Any CPU
	EndGlobalSection
	GlobalSection(ProjectConfigurationPlatforms) = postSolution
		{16138368-9328-4485-BE83-5BD30E42733A}.Debug|Any CPU.ActiveCfg = Debug|Any CPU
		{16138368-9328-4485-BE83-5BD30E42733A}.Debug|Any CPU.Build.0 = Debug|Any CPU
		{16138368-9328-4485-BE83-5BD30E42733A}.Release|Any CPU.ActiveCfg = Release|Any CPU
		{16138368-9328-4485-BE83-5BD30E42733A}.Release|Any CPU.Build.0 = Release|Any CPU
	EndGlobalSection
	GlobalSection(SolutionProperties) = preSolution
		HideSolutionNode = FALSE
	EndGlobalSection
	GlobalSection(ExtensibilityGlobals) = postSolution
		SolutionGuid = {B76C4383-12FF-4029-A51B-D2DD88F10349}
	EndGlobalSection
EndGlobal
