
Microsoft Visual Studio Solution File, Format Version 12.00
# Visual Studio Version 16
VisualStudioVersion = 16.0.31702.278
MinimumVisualStudioVersion = 10.0.40219.1
Project("{FAE04EC0-301F-11D3-BF4B-00C04F79EFBC}") = "Lab6-7.WebApi", "Lab6-7.WebApi.csproj", "{297A0CD3-BAF9-45D5-9BE2-827698BE02D9}"
EndProject
Project("{FAE04EC0-301F-11D3-BF4B-00C04F79EFBC}") = "Lab6-7.BLL", "..\Lab6-7.BLL\Lab6-7.BLL.csproj", "{084F4092-A81B-42A0-9A70-3EA7BD9995FD}"
EndProject
Project("{FAE04EC0-301F-11D3-BF4B-00C04F79EFBC}") = "Lab6-7.DataAccess", "..\Lab6-7.DataAccess\Lab6-7.DataAccess.csproj", "{44F9F4DB-8890-4213-9207-B13AAB965431}"
EndProject
Global
	GlobalSection(SolutionConfigurationPlatforms) = preSolution
		Debug|Any CPU = Debug|Any CPU
		Release|Any CPU = Release|Any CPU
	EndGlobalSection
	GlobalSection(ProjectConfigurationPlatforms) = postSolution
		{297A0CD3-BAF9-45D5-9BE2-827698BE02D9}.Debug|Any CPU.ActiveCfg = Debug|Any CPU
		{297A0CD3-BAF9-45D5-9BE2-827698BE02D9}.Debug|Any CPU.Build.0 = Debug|Any CPU
		{297A0CD3-BAF9-45D5-9BE2-827698BE02D9}.Release|Any CPU.ActiveCfg = Release|Any CPU
		{297A0CD3-BAF9-45D5-9BE2-827698BE02D9}.Release|Any CPU.Build.0 = Release|Any CPU
		{084F4092-A81B-42A0-9A70-3EA7BD9995FD}.Debug|Any CPU.ActiveCfg = Debug|Any CPU
		{084F4092-A81B-42A0-9A70-3EA7BD9995FD}.Debug|Any CPU.Build.0 = Debug|Any CPU
		{084F4092-A81B-42A0-9A70-3EA7BD9995FD}.Release|Any CPU.ActiveCfg = Release|Any CPU
		{084F4092-A81B-42A0-9A70-3EA7BD9995FD}.Release|Any CPU.Build.0 = Release|Any CPU
		{44F9F4DB-8890-4213-9207-B13AAB965431}.Debug|Any CPU.ActiveCfg = Debug|Any CPU
		{44F9F4DB-8890-4213-9207-B13AAB965431}.Debug|Any CPU.Build.0 = Debug|Any CPU
		{44F9F4DB-8890-4213-9207-B13AAB965431}.Release|Any CPU.ActiveCfg = Release|Any CPU
		{44F9F4DB-8890-4213-9207-B13AAB965431}.Release|Any CPU.Build.0 = Release|Any CPU
	EndGlobalSection
	GlobalSection(SolutionProperties) = preSolution
		HideSolutionNode = FALSE
	EndGlobalSection
	GlobalSection(ExtensibilityGlobals) = postSolution
		SolutionGuid = {3B683F14-4B6C-41C2-A833-E8BAEE7E817E}
	EndGlobalSection
EndGlobal
