
Microsoft Visual Studio Solution File, Format Version 12.00
# Visual Studio Version 16
VisualStudioVersion = 16.0.31702.278
MinimumVisualStudioVersion = 10.0.40219.1
Project("{FAE04EC0-301F-11D3-BF4B-00C04F79EFBC}") = "Db_first", "Db_first.csproj", "{6C1D1836-BB3A-4A65-8A4B-66038914C2B0}"
EndProject
Global
	GlobalSection(SolutionConfigurationPlatforms) = preSolution
		Debug|Any CPU = Debug|Any CPU
		Release|Any CPU = Release|Any CPU
	EndGlobalSection
	GlobalSection(ProjectConfigurationPlatforms) = postSolution
		{6C1D1836-BB3A-4A65-8A4B-66038914C2B0}.Debug|Any CPU.ActiveCfg = Debug|Any CPU
		{6C1D1836-BB3A-4A65-8A4B-66038914C2B0}.Debug|Any CPU.Build.0 = Debug|Any CPU
		{6C1D1836-BB3A-4A65-8A4B-66038914C2B0}.Release|Any CPU.ActiveCfg = Release|Any CPU
		{6C1D1836-BB3A-4A65-8A4B-66038914C2B0}.Release|Any CPU.Build.0 = Release|Any CPU
	EndGlobalSection
	GlobalSection(SolutionProperties) = preSolution
		HideSolutionNode = FALSE
	EndGlobalSection
	GlobalSection(ExtensibilityGlobals) = postSolution
		SolutionGuid = {9F43C4C1-8AEC-4FBD-9877-842260011DDC}
	EndGlobalSection
EndGlobal
